
Microsoft Visual Studio Solution File, Format Version 10.00
# Visual Studio 2008
Project("{8BC9CEB8-8B4A-11D0-8D11-00A0C91BC942}") = "T03PERM", "T03PERM.vcproj", "{94CDC031-1045-4047-B91E-14F57C2F43C4}"
EndProject
Global
	GlobalSection(SolutionConfigurationPlatforms) = preSolution
		Debug|Win32 = Debug|Win32
		Release|Win32 = Release|Win32
	EndGlobalSection
	GlobalSection(ProjectConfigurationPlatforms) = postSolution
		{94CDC031-1045-4047-B91E-14F57C2F43C4}.Debug|Win32.ActiveCfg = Debug|Win32
		{94CDC031-1045-4047-B91E-14F57C2F43C4}.Debug|Win32.Build.0 = Debug|Win32
		{94CDC031-1045-4047-B91E-14F57C2F43C4}.Release|Win32.ActiveCfg = Release|Win32
		{94CDC031-1045-4047-B91E-14F57C2F43C4}.Release|Win32.Build.0 = Release|Win32
	EndGlobalSection
	GlobalSection(SolutionProperties) = preSolution
		HideSolutionNode = FALSE
	EndGlobalSection
EndGlobal
